// !$*UTF8*$!
{
	archiveVersion = 1;
	classes = {
	};
	objectVersion = 46;
	objects = {

/* Begin PBXBuildFile section */
		C142407497C3F7386F20EA4B /* main.m in Sources */ = {isa = PBXBuildFile; fileRef = C14243BFC65CE60FF27BA296 /* main.m */; };
		C142415A9D5506B30DDB8D77 /* model_viewcontroller_presentation_testTests.m in Sources */ = {isa = PBXBuildFile; fileRef = C14247258FD639554C16C27E /* model_viewcontroller_presentation_testTests.m */; };
		C14241D75D4A8F354A5F27B9 /* AppDelegate.m in Sources */ = {isa = PBXBuildFile; fileRef = C14243C4CE3472BFB656AA1B /* AppDelegate.m */; };
		C14247243446B7C4D3B3BBBD /* ViewController.m in Sources */ = {isa = PBXBuildFile; fileRef = C14248F90B087C2B33E16151 /* ViewController.m */; };
		C14247FAEF747D59715131FA /* LaunchScreen.xib in Resources */ = {isa = PBXBuildFile; fileRef = C1424AB6330057A39A817715 /* LaunchScreen.xib */; };
		C1424FE487F4AB9FF78B33C8 /* Images.xcassets in Resources */ = {isa = PBXBuildFile; fileRef = C1424F572E096EC6A2FD2A57 /* Images.xcassets */; };
/* End PBXBuildFile section */

/* Begin PBXContainerItemProxy section */
		C14249B9E42FA411FE13A5C0 /* PBXContainerItemProxy */ = {
			isa = PBXContainerItemProxy;
			containerPortal = C14246E0D18AB171CEE0BCAB /* Project object */;
			proxyType = 1;
			remoteGlobalIDString = C142479C1B3A272B438BCDAB;
			remoteInfo = "model-viewcontroller-presentation-test";
		};
/* End PBXContainerItemProxy section */

/* Begin PBXFileReference section */
		C142423EFA4908456BC7983E /* Info.plist */ = {isa = PBXFileReference; lastKnownFileType = text.plist.info; path = Info.plist; sourceTree = "<group>"; };
		C14243BFC65CE60FF27BA296 /* main.m */ = {isa = PBXFileReference; lastKnownFileType = sourcecode.c.objc; path = main.m; sourceTree = "<group>"; };
		C14243C4CE3472BFB656AA1B /* AppDelegate.m */ = {isa = PBXFileReference; lastKnownFileType = sourcecode.c.objc; path = AppDelegate.m; sourceTree = "<group>"; };
		C142444F9196961A587E24A7 /* ViewController.h */ = {isa = PBXFileReference; lastKnownFileType = sourcecode.c.h; path = ViewController.h; sourceTree = "<group>"; };
		C14246FD628EC8DAD3BA2F9F /* model-viewcontroller-presentation-test.app */ = {isa = PBXFileReference; explicitFileType = wrapper.application; includeInIndex = 0; path = "model-viewcontroller-presentation-test.app"; sourceTree = BUILT_PRODUCTS_DIR; };
		C14247258FD639554C16C27E /* model_viewcontroller_presentation_testTests.m */ = {isa = PBXFileReference; lastKnownFileType = sourcecode.c.objc; path = model_viewcontroller_presentation_testTests.m; sourceTree = "<group>"; };
		C14247B90906517A03C57226 /* Info.plist */ = {isa = PBXFileReference; lastKnownFileType = text.plist.info; path = Info.plist; sourceTree = "<group>"; };
		C14248F90B087C2B33E16151 /* ViewController.m */ = {isa = PBXFileReference; lastKnownFileType = sourcecode.c.objc; path = ViewController.m; sourceTree = "<group>"; };
		C1424CA4AEEF3710C3CA7B5A /* model-viewcontroller-presentation-testTests.xctest */ = {isa = PBXFileReference; explicitFileType = wrapper.cfbundle; includeInIndex = 0; path = "model-viewcontroller-presentation-testTests.xctest"; sourceTree = BUILT_PRODUCTS_DIR; };
		C1424DE408C99CD7350675AA /* AppDelegate.h */ = {isa = PBXFileReference; lastKnownFileType = sourcecode.c.h; path = AppDelegate.h; sourceTree = "<group>"; };
		C1424E657468F00768FF4299 /* Base */ = {isa = PBXFileReference; lastKnownFileType = file.xib; name = Base; path = Base.lproj/LaunchScreen.xib; sourceTree = "<group>"; };
		C1424F572E096EC6A2FD2A57 /* Images.xcassets */ = {isa = PBXFileReference; lastKnownFileType = folder.assetcatalog; path = Images.xcassets; sourceTree = "<group>"; };
/* End PBXFileReference section */

/* Begin PBXFrameworksBuildPhase section */
		C142405330D27C57B8F5BAF5 /* Frameworks */ = {
			isa = PBXFrameworksBuildPhase;
			buildActionMask = 2147483647;
			files = (
			);
			runOnlyForDeploymentPostprocessing = 0;
		};
		C1424F886D8386EFF4E5D7D3 /* Frameworks */ = {
			isa = PBXFrameworksBuildPhase;
			buildActionMask = 2147483647;
			files = (
			);
			runOnlyForDeploymentPostprocessing = 0;
		};
/* End PBXFrameworksBuildPhase section */

/* Begin PBXGroup section */
		C14241F72A7058CDEC9F515E = {
			isa = PBXGroup;
			children = (
				C1424AD65DCA80857E9AED38 /* Products */,
				C14243216C0938CA9255BDAE /* model-viewcontroller-presentation-test */,
				C1424CCDE5B5252FC00A27E5 /* model-viewcontroller-presentation-testTests */,
			);
			sourceTree = "<group>";
		};
		C14243216C0938CA9255BDAE /* model-viewcontroller-presentation-test */ = {
			isa = PBXGroup;
			children = (
				C1424CA9F9DDF83F1C801AA2 /* Supporting Files */,
				C1424F572E096EC6A2FD2A57 /* Images.xcassets */,
				C1424AB6330057A39A817715 /* LaunchScreen.xib */,
				C1424DE408C99CD7350675AA /* AppDelegate.h */,
				C14243C4CE3472BFB656AA1B /* AppDelegate.m */,
				C142444F9196961A587E24A7 /* ViewController.h */,
				C14248F90B087C2B33E16151 /* ViewController.m */,
			);
			path = "model-viewcontroller-presentation-test";
			sourceTree = "<group>";
		};
		C142485ABCF7704797F441F1 /* Supporting Files */ = {
			isa = PBXGroup;
			children = (
				C142423EFA4908456BC7983E /* Info.plist */,
			);
			name = "Supporting Files";
			sourceTree = "<group>";
		};
		C1424AD65DCA80857E9AED38 /* Products */ = {
			isa = PBXGroup;
			children = (
				C14246FD628EC8DAD3BA2F9F /* model-viewcontroller-presentation-test.app */,
				C1424CA4AEEF3710C3CA7B5A /* model-viewcontroller-presentation-testTests.xctest */,
			);
			name = Products;
			sourceTree = "<group>";
		};
		C1424CA9F9DDF83F1C801AA2 /* Supporting Files */ = {
			isa = PBXGroup;
			children = (
				C14247B90906517A03C57226 /* Info.plist */,
				C14243BFC65CE60FF27BA296 /* main.m */,
			);
			name = "Supporting Files";
			sourceTree = "<group>";
		};
		C1424CCDE5B5252FC00A27E5 /* model-viewcontroller-presentation-testTests */ = {
			isa = PBXGroup;
			children = (
				C142485ABCF7704797F441F1 /* Supporting Files */,
				C14247258FD639554C16C27E /* model_viewcontroller_presentation_testTests.m */,
			);
			path = "model-viewcontroller-presentation-testTests";
			sourceTree = "<group>";
		};
/* End PBXGroup section */

/* Begin PBXNativeTarget section */
		C142479C1B3A272B438BCDAB /* model-viewcontroller-presentation-test */ = {
			isa = PBXNativeTarget;
			buildConfigurationList = C1424FE7B1F23C52C9CB76DF /* Build configuration list for PBXNativeTarget "model-viewcontroller-presentation-test" */;
			buildPhases = (
				C1424D481443D09993DA37F3 /* Sources */,
				C142405330D27C57B8F5BAF5 /* Frameworks */,
				C1424FEB713D74716D0E9913 /* Resources */,
			);
			buildRules = (
			);
			dependencies = (
			);
			name = "model-viewcontroller-presentation-test";
			productName = "model-viewcontroller-presentation-test";
			productReference = C14246FD628EC8DAD3BA2F9F /* model-viewcontroller-presentation-test.app */;
			productType = "com.apple.product-type.application";
		};
		C1424C1A811BE7E880E77F98 /* model-viewcontroller-presentation-testTests */ = {
			isa = PBXNativeTarget;
			buildConfigurationList = C1424B1018C409F5BD773BCD /* Build configuration list for PBXNativeTarget "model-viewcontroller-presentation-testTests" */;
			buildPhases = (
				C142438F4E929BACAF964166 /* Sources */,
				C1424F886D8386EFF4E5D7D3 /* Frameworks */,
				C1424412E3BC16177BE48205 /* Resources */,
			);
			buildRules = (
			);
			dependencies = (
				C1424EFBCD1A7B136A46A583 /* PBXTargetDependency */,
			);
			name = "model-viewcontroller-presentation-testTests";
			productName = "model-viewcontroller-presentation-testTests";
			productReference = C1424CA4AEEF3710C3CA7B5A /* model-viewcontroller-presentation-testTests.xctest */;
			productType = "com.apple.product-type.bundle.unit-test";
		};
/* End PBXNativeTarget section */

/* Begin PBXProject section */
		C14246E0D18AB171CEE0BCAB /* Project object */ = {
			isa = PBXProject;
			attributes = {
				ORGANIZATIONNAME = acme;
			};
			buildConfigurationList = C1424484B84E53D7C41D0F9D /* Build configuration list for PBXProject "model-viewcontroller-presentation-test" */;
			compatibilityVersion = "Xcode 3.2";
			developmentRegion = English;
			hasScannedForEncodings = 0;
			knownRegions = (
				en,
			);
			mainGroup = C14241F72A7058CDEC9F515E;
			productRefGroup = C1424AD65DCA80857E9AED38 /* Products */;
			projectDirPath = "";
			projectRoot = "";
			targets = (
				C142479C1B3A272B438BCDAB /* model-viewcontroller-presentation-test */,
				C1424C1A811BE7E880E77F98 /* model-viewcontroller-presentation-testTests */,
			);
		};
/* End PBXProject section */

/* Begin PBXResourcesBuildPhase section */
		C1424412E3BC16177BE48205 /* Resources */ = {
			isa = PBXResourcesBuildPhase;
			buildActionMask = 2147483647;
			files = (
			);
			runOnlyForDeploymentPostprocessing = 0;
		};
		C1424FEB713D74716D0E9913 /* Resources */ = {
			isa = PBXResourcesBuildPhase;
			buildActionMask = 2147483647;
			files = (
				C1424FE487F4AB9FF78B33C8 /* Images.xcassets in Resources */,
				C14247FAEF747D59715131FA /* LaunchScreen.xib in Resources */,
			);
			runOnlyForDeploymentPostprocessing = 0;
		};
/* End PBXResourcesBuildPhase section */

/* Begin PBXSourcesBuildPhase section */
		C142438F4E929BACAF964166 /* Sources */ = {
			isa = PBXSourcesBuildPhase;
			buildActionMask = 2147483647;
			files = (
				C142415A9D5506B30DDB8D77 /* model_viewcontroller_presentation_testTests.m in Sources */,
			);
			runOnlyForDeploymentPostprocessing = 0;
		};
		C1424D481443D09993DA37F3 /* Sources */ = {
			isa = PBXSourcesBuildPhase;
			buildActionMask = 2147483647;
			files = (
				C142407497C3F7386F20EA4B /* main.m in Sources */,
				C14241D75D4A8F354A5F27B9 /* AppDelegate.m in Sources */,
				C14247243446B7C4D3B3BBBD /* ViewController.m in Sources */,
			);
			runOnlyForDeploymentPostprocessing = 0;
		};
/* End PBXSourcesBuildPhase section */

/* Begin PBXTargetDependency section */
		C1424EFBCD1A7B136A46A583 /* PBXTargetDependency */ = {
			isa = PBXTargetDependency;
			target = C142479C1B3A272B438BCDAB /* model-viewcontroller-presentation-test */;
			targetProxy = C14249B9E42FA411FE13A5C0 /* PBXContainerItemProxy */;
		};
/* End PBXTargetDependency section */

/* Begin PBXVariantGroup section */
		C1424AB6330057A39A817715 /* LaunchScreen.xib */ = {
			isa = PBXVariantGroup;
			children = (
				C1424E657468F00768FF4299 /* Base */,
			);
			name = LaunchScreen.xib;
			sourceTree = "<group>";
		};
/* End PBXVariantGroup section */

/* Begin XCBuildConfiguration section */
		C14243D89903E8B610F44D00 /* Debug */ = {
			isa = XCBuildConfiguration;
			buildSettings = {
				ASSETCATALOG_COMPILER_APPICON_NAME = AppIcon;
				INFOPLIST_FILE = "model-viewcontroller-presentation-test/Info.plist";
				LD_RUNPATH_SEARCH_PATHS = "$(inherited) @executable_path/Frameworks";
				PRODUCT_NAME = "$(TARGET_NAME)";
			};
			name = Debug;
		};
		C1424B33E2ECD2A66798E3FC /* Release */ = {
			isa = XCBuildConfiguration;
			buildSettings = {
				ALWAYS_SEARCH_USER_PATHS = NO;
				CLANG_CXX_LANGUAGE_STANDARD = "gnu++0x";
				CLANG_CXX_LIBRARY = "libc++";
				CLANG_ENABLE_MODULES = YES;
				CLANG_ENABLE_OBJC_ARC = YES;
				CLANG_WARN_BOOL_CONVERSION = YES;
				CLANG_WARN_CONSTANT_CONVERSION = YES;
				CLANG_WARN_DIRECT_OBJC_ISA_USAGE = YES_ERROR;
				CLANG_WARN_EMPTY_BODY = YES;
				CLANG_WARN_ENUM_CONVERSION = YES;
				CLANG_WARN_INT_CONVERSION = YES;
				CLANG_WARN_OBJC_ROOT_CLASS = YES_ERROR;
				CLANG_WARN_UNREACHABLE_CODE = YES;
				CLANG_WARN__DUPLICATE_METHOD_MATCH = YES;
				"CODE_SIGN_IDENTITY[sdk=iphoneos*]" = "iPhone Developer";
				COPY_PHASE_STRIP = YES;
				ENABLE_NS_ASSERTIONS = NO;
				ENABLE_STRICT_OBJC_MSGSEND = YES;
				GCC_C_LANGUAGE_STANDARD = gnu99;
				GCC_WARN_64_TO_32_BIT_CONVERSION = YES;
				GCC_WARN_ABOUT_RETURN_TYPE = YES_ERROR;
				GCC_WARN_UNDECLARED_SELECTOR = YES;
				GCC_WARN_UNINITIALIZED_AUTOS = YES_AGGRESSIVE;
				GCC_WARN_UNUSED_FUNCTION = YES;
				GCC_WARN_UNUSED_VARIABLE = YES;
				IPHONEOS_DEPLOYMENT_TARGET = 8.1;
				MTL_ENABLE_DEBUG_INFO = NO;
				SDKROOT = iphoneos;
				TARGETED_DEVICE_FAMILY = "1,2";
				VALIDATE_PRODUCT = YES;
			};
			name = Release;
		};
		C1424B6B1CB8D58C49E72FF2 /* Debug */ = {
			isa = XCBuildConfiguration;
			buildSettings = {
				ALWAYS_SEARCH_USER_PATHS = NO;
				CLANG_CXX_LANGUAGE_STANDARD = "gnu++0x";
				CLANG_CXX_LIBRARY = "libc++";
				CLANG_ENABLE_MODULES = YES;
				CLANG_ENABLE_OBJC_ARC = YES;
				CLANG_WARN_BOOL_CONVERSION = YES;
				CLANG_WARN_CONSTANT_CONVERSION = YES;
				CLANG_WARN_DIRECT_OBJC_ISA_USAGE = YES_ERROR;
				CLANG_WARN_EMPTY_BODY = YES;
				CLANG_WARN_ENUM_CONVERSION = YES;
				CLANG_WARN_INT_CONVERSION = YES;
				CLANG_WARN_OBJC_ROOT_CLASS = YES_ERROR;
				CLANG_WARN_UNREACHABLE_CODE = YES;
				CLANG_WARN__DUPLICATE_METHOD_MATCH = YES;
				"CODE_SIGN_IDENTITY[sdk=iphoneos*]" = "iPhone Developer";
				COPY_PHASE_STRIP = NO;
				ENABLE_STRICT_OBJC_MSGSEND = YES;
				GCC_C_LANGUAGE_STANDARD = gnu99;
				GCC_DYNAMIC_NO_PIC = NO;
				GCC_OPTIMIZATION_LEVEL = 0;
				GCC_PREPROCESSOR_DEFINITIONS = (
					"DEBUG=1",
					"$(inherited)",
				);
				GCC_SYMBOLS_PRIVATE_EXTERN = NO;
				GCC_WARN_64_TO_32_BIT_CONVERSION = YES;
				GCC_WARN_ABOUT_RETURN_TYPE = YES_ERROR;
				GCC_WARN_UNDECLARED_SELECTOR = YES;
				GCC_WARN_UNINITIALIZED_AUTOS = YES_AGGRESSIVE;
				GCC_WARN_UNUSED_FUNCTION = YES;
				GCC_WARN_UNUSED_VARIABLE = YES;
				IPHONEOS_DEPLOYMENT_TARGET = 8.1;
				MTL_ENABLE_DEBUG_INFO = YES;
				ONLY_ACTIVE_ARCH = YES;
				SDKROOT = iphoneos;
				TARGETED_DEVICE_FAMILY = "1,2";
			};
			name = Debug;
		};
		C1424B98934626A34D4B0692 /* Debug */ = {
			isa = XCBuildConfiguration;
			buildSettings = {
				BUNDLE_LOADER = "$(BUILT_PRODUCTS_DIR)/model-viewcontroller-presentation-test.app/model-viewcontroller-presentation-test";
				FRAMEWORK_SEARCH_PATHS = (
					"$(SDKROOT)/Developer/Library/Frameworks",
					"$(inherited)",
				);
				INFOPLIST_FILE = "model-viewcontroller-presentation-testTests/Info.plist";
				LD_RUNPATH_SEARCH_PATHS = "$(inherited) @executable_path/Frameworks @loader_path/Frameworks";
				PRODUCT_NAME = "$(TARGET_NAME)";
				TEST_HOST = "$(BUNDLE_LOADER)";
			};
			name = Debug;
		};
		C1424BE79EDD55EB810D7849 /* Release */ = {
			isa = XCBuildConfiguration;
			buildSettings = {
				BUNDLE_LOADER = "$(BUILT_PRODUCTS_DIR)/model-viewcontroller-presentation-test.app/model-viewcontroller-presentation-test";
				FRAMEWORK_SEARCH_PATHS = (
					"$(SDKROOT)/Developer/Library/Frameworks",
					"$(inherited)",
				);
				INFOPLIST_FILE = "model-viewcontroller-presentation-testTests/Info.plist";
				LD_RUNPATH_SEARCH_PATHS = "$(inherited) @executable_path/Frameworks @loader_path/Frameworks";
				PRODUCT_NAME = "$(TARGET_NAME)";
				TEST_HOST = "$(BUNDLE_LOADER)";
			};
			name = Release;
		};
		C1424DA237BEE435F04AB0B4 /* Release */ = {
			isa = XCBuildConfiguration;
			buildSettings = {
				ASSETCATALOG_COMPILER_APPICON_NAME = AppIcon;
				INFOPLIST_FILE = "model-viewcontroller-presentation-test/Info.plist";
				LD_RUNPATH_SEARCH_PATHS = "$(inherited) @executable_path/Frameworks";
				PRODUCT_NAME = "$(TARGET_NAME)";
			};
			name = Release;
		};
/* End XCBuildConfiguration section */

/* Begin XCConfigurationList section */
		C1424484B84E53D7C41D0F9D /* Build configuration list for PBXProject "model-viewcontroller-presentation-test" */ = {
			isa = XCConfigurationList;
			buildConfigurations = (
				C1424B6B1CB8D58C49E72FF2 /* Debug */,
				C1424B33E2ECD2A66798E3FC /* Release */,
			);
			defaultConfigurationIsVisible = 0;
			defaultConfigurationName = Release;
		};
		C1424B1018C409F5BD773BCD /* Build configuration list for PBXNativeTarget "model-viewcontroller-presentation-testTests" */ = {
			isa = XCConfigurationList;
			buildConfigurations = (
				C1424B98934626A34D4B0692 /* Debug */,
				C1424BE79EDD55EB810D7849 /* Release */,
			);
			defaultConfigurationIsVisible = 0;
		};
		C1424FE7B1F23C52C9CB76DF /* Build configuration list for PBXNativeTarget "model-viewcontroller-presentation-test" */ = {
			isa = XCConfigurationList;
			buildConfigurations = (
				C14243D89903E8B610F44D00 /* Debug */,
				C1424DA237BEE435F04AB0B4 /* Release */,
			);
			defaultConfigurationIsVisible = 0;
		};
/* End XCConfigurationList section */
	};
	rootObject = C14246E0D18AB171CEE0BCAB /* Project object */;
}
