<?xml version="1.0" encoding="UTF-8"?>
<Scheme
   version = "1.3">
   <BuildAction>
      <BuildActionEntries>
         <BuildActionEntry
            buildForRunning = "YES">
            <BuildableReference
               BuildableIdentifier = "primary"
               BlueprintIdentifier = "C142479C1B3A272B438BCDAB"
               BuildableName = "model-viewcontroller-presentation-test.app"
               BlueprintName = "model-viewcontroller-presentation-test"
               ReferencedContainer = "container:model-viewcontroller-presentation-test.xcodeproj">
            </BuildableReference>
         </BuildActionEntry>
      </BuildActionEntries>
   </BuildAction>
   <LaunchAction
      useCustomWorkingDirectory = "NO"
      buildConfiguration = "Debug">
      <BuildableProductRunnable>
         <BuildableReference
            BuildableIdentifier = "primary"
            BlueprintIdentifier = "C142479C1B3A272B438BCDAB"
            BuildableName = "model-viewcontroller-presentation-test.app"
            BlueprintName = "model-viewcontroller-presentation-test"
            ReferencedContainer = "container:model-viewcontroller-presentation-test.xcodeproj">
         </BuildableReference>
      </BuildableProductRunnable>
   </LaunchAction>
</Scheme>
